
Microsoft Visual Studio Solution File, Format Version 12.00
# Visual Studio 15
VisualStudioVersion = 15.0.28307.1913
MinimumVisualStudioVersion = 10.0.40219.1
Project("{9A19103F-16F7-4668-BE54-9A1E7A4F7556}") = "WebAPI_PL", "WebAPI_PL\WebAPI_PL.csproj", "{1D0E3DF6-3387-4ACA-904C-F8C174D5868B}"
EndProject
Project("{FAE04EC0-301F-11D3-BF4B-00C04F79EFBC}") = "BlazorServer_UI", "BlazorServer_UI\BlazorServer_UI.csproj", "{C2AAECAB-C07A-446D-A745-091ECC58ECFE}"
EndProject
Project("{FAE04EC0-301F-11D3-BF4B-00C04F79EFBC}") = "DAL", "DAL\DAL.csproj", "{DAE9C9C8-CD57-4AD4-AB49-264E3CA9DFD0}"
EndProject
Project("{FAE04EC0-301F-11D3-BF4B-00C04F79EFBC}") = "BLL", "BLL\BLL.csproj", "{4FBE4B80-D32E-48D2-AD67-1D6E6ACBF22C}"
EndProject
Global
	GlobalSection(SolutionConfigurationPlatforms) = preSolution
		Debug|Any CPU = Debug|Any CPU
		Release|Any CPU = Release|Any CPU
	EndGlobalSection
	GlobalSection(ProjectConfigurationPlatforms) = postSolution
		{1D0E3DF6-3387-4ACA-904C-F8C174D5868B}.Debug|Any CPU.ActiveCfg = Debug|Any CPU
		{1D0E3DF6-3387-4ACA-904C-F8C174D5868B}.Debug|Any CPU.Build.0 = Debug|Any CPU
		{1D0E3DF6-3387-4ACA-904C-F8C174D5868B}.Release|Any CPU.ActiveCfg = Release|Any CPU
		{1D0E3DF6-3387-4ACA-904C-F8C174D5868B}.Release|Any CPU.Build.0 = Release|Any CPU
		{C2AAECAB-C07A-446D-A745-091ECC58ECFE}.Debug|Any CPU.ActiveCfg = Debug|Any CPU
		{C2AAECAB-C07A-446D-A745-091ECC58ECFE}.Debug|Any CPU.Build.0 = Debug|Any CPU
		{C2AAECAB-C07A-446D-A745-091ECC58ECFE}.Release|Any CPU.ActiveCfg = Release|Any CPU
		{C2AAECAB-C07A-446D-A745-091ECC58ECFE}.Release|Any CPU.Build.0 = Release|Any CPU
		{DAE9C9C8-CD57-4AD4-AB49-264E3CA9DFD0}.Debug|Any CPU.ActiveCfg = Debug|Any CPU
		{DAE9C9C8-CD57-4AD4-AB49-264E3CA9DFD0}.Debug|Any CPU.Build.0 = Debug|Any CPU
		{DAE9C9C8-CD57-4AD4-AB49-264E3CA9DFD0}.Release|Any CPU.ActiveCfg = Release|Any CPU
		{DAE9C9C8-CD57-4AD4-AB49-264E3CA9DFD0}.Release|Any CPU.Build.0 = Release|Any CPU
		{4FBE4B80-D32E-48D2-AD67-1D6E6ACBF22C}.Debug|Any CPU.ActiveCfg = Debug|Any CPU
		{4FBE4B80-D32E-48D2-AD67-1D6E6ACBF22C}.Debug|Any CPU.Build.0 = Debug|Any CPU
		{4FBE4B80-D32E-48D2-AD67-1D6E6ACBF22C}.Release|Any CPU.ActiveCfg = Release|Any CPU
		{4FBE4B80-D32E-48D2-AD67-1D6E6ACBF22C}.Release|Any CPU.Build.0 = Release|Any CPU
	EndGlobalSection
	GlobalSection(SolutionProperties) = preSolution
		HideSolutionNode = FALSE
	EndGlobalSection
	GlobalSection(ExtensibilityGlobals) = postSolution
		SolutionGuid = {CB9ECBF6-7FE5-408D-A93B-7F5EC5F4E9EC}
	EndGlobalSection
EndGlobal
